// !$*UTF8*$!
{
	archiveVersion = 1;
	classes = {
	};
	objectVersion = 46;
	objects = {

/* Begin PBXBuildFile section */
		9F16E6151E6604F6007CC337 /* AppDelegate.swift in Sources */ = {isa = PBXBuildFile; fileRef = 9F16E6141E6604F6007CC337 /* AppDelegate.swift */; };
		9F16E6171E6604F6007CC337 /* MasterViewController.swift in Sources */ = {isa = PBXBuildFile; fileRef = 9F16E6161E6604F6007CC337 /* MasterViewController.swift */; };
		9F16E6191E6604F6007CC337 /* DetailViewController.swift in Sources */ = {isa = PBXBuildFile; fileRef = 9F16E6181E6604F6007CC337 /* DetailViewController.swift */; };
		9F16E61C1E6604F6007CC337 /* Main.storyboard in Resources */ = {isa = PBXBuildFile; fileRef = 9F16E61A1E6604F6007CC337 /* Main.storyboard */; };
		9F16E61E1E6604F6007CC337 /* Assets.xcassets in Resources */ = {isa = PBXBuildFile; fileRef = 9F16E61D1E6604F6007CC337 /* Assets.xcassets */; };
		9F16E6211E6604F6007CC337 /* LaunchScreen.storyboard in Resources */ = {isa = PBXBuildFile; fileRef = 9F16E61F1E6604F6007CC337 /* LaunchScreen.storyboard */; };
		9F16E6291E660AA8007CC337 /* harrypotter.plist in Resources */ = {isa = PBXBuildFile; fileRef = 9F16E6281E660AA8007CC337 /* harrypotter.plist */; };
/* End PBXBuildFile section */

/* Begin PBXFileReference section */
		9F16E6111E6604F6007CC337 /* harrypotter.app */ = {isa = PBXFileReference; explicitFileType = wrapper.application; includeInIndex = 0; path = harrypotter.app; sourceTree = BUILT_PRODUCTS_DIR; };
		9F16E6141E6604F6007CC337 /* AppDelegate.swift */ = {isa = PBXFileReference; lastKnownFileType = sourcecode.swift; path = AppDelegate.swift; sourceTree = "<group>"; };
		9F16E6161E6604F6007CC337 /* MasterViewController.swift */ = {isa = PBXFileReference; lastKnownFileType = sourcecode.swift; path = MasterViewController.swift; sourceTree = "<group>"; };
		9F16E6181E6604F6007CC337 /* DetailViewController.swift */ = {isa = PBXFileReference; lastKnownFileType = sourcecode.swift; path = DetailViewController.swift; sourceTree = "<group>"; };
		9F16E61B1E6604F6007CC337 /* Base */ = {isa = PBXFileReference; lastKnownFileType = file.storyboard; name = Base; path = Base.lproj/Main.storyboard; sourceTree = "<group>"; };
		9F16E61D1E6604F6007CC337 /* Assets.xcassets */ = {isa = PBXFileReference; lastKnownFileType = folder.assetcatalog; path = Assets.xcassets; sourceTree = "<group>"; };
		9F16E6201E6604F6007CC337 /* Base */ = {isa = PBXFileReference; lastKnownFileType = file.storyboard; name = Base; path = Base.lproj/LaunchScreen.storyboard; sourceTree = "<group>"; };
		9F16E6221E6604F6007CC337 /* Info.plist */ = {isa = PBXFileReference; lastKnownFileType = text.plist.xml; path = Info.plist; sourceTree = "<group>"; };
		9F16E6281E660AA8007CC337 /* harrypotter.plist */ = {isa = PBXFileReference; fileEncoding = 4; lastKnownFileType = text.plist.xml; path = harrypotter.plist; sourceTree = "<group>"; };
/* End PBXFileReference section */

/* Begin PBXFrameworksBuildPhase section */
		9F16E60E1E6604F6007CC337 /* Frameworks */ = {
			isa = PBXFrameworksBuildPhase;
			buildActionMask = 2147483647;
			files = (
			);
			runOnlyForDeploymentPostprocessing = 0;
		};
/* End PBXFrameworksBuildPhase section */

/* Begin PBXGroup section */
		9F16E6081E6604F6007CC337 = {
			isa = PBXGroup;
			children = (
				9F16E6131E6604F6007CC337 /* harrypotter */,
				9F16E6121E6604F6007CC337 /* Products */,
			);
			sourceTree = "<group>";
		};
		9F16E6121E6604F6007CC337 /* Products */ = {
			isa = PBXGroup;
			children = (
				9F16E6111E6604F6007CC337 /* harrypotter.app */,
			);
			name = Products;
			sourceTree = "<group>";
		};
		9F16E6131E6604F6007CC337 /* harrypotter */ = {
			isa = PBXGroup;
			children = (
				9F16E6141E6604F6007CC337 /* AppDelegate.swift */,
				9F16E6161E6604F6007CC337 /* MasterViewController.swift */,
				9F16E6181E6604F6007CC337 /* DetailViewController.swift */,
				9F16E61A1E6604F6007CC337 /* Main.storyboard */,
				9F16E61D1E6604F6007CC337 /* Assets.xcassets */,
				9F16E61F1E6604F6007CC337 /* LaunchScreen.storyboard */,
				9F16E6221E6604F6007CC337 /* Info.plist */,
				9F16E6281E660AA8007CC337 /* harrypotter.plist */,
			);
			path = harrypotter;
			sourceTree = "<group>";
		};
/* End PBXGroup section */

/* Begin PBXNativeTarget section */
		9F16E6101E6604F6007CC337 /* harrypotter */ = {
			isa = PBXNativeTarget;
			buildConfigurationList = 9F16E6251E6604F6007CC337 /* Build configuration list for PBXNativeTarget "harrypotter" */;
			buildPhases = (
				9F16E60D1E6604F6007CC337 /* Sources */,
				9F16E60E1E6604F6007CC337 /* Frameworks */,
				9F16E60F1E6604F6007CC337 /* Resources */,
			);
			buildRules = (
			);
			dependencies = (
			);
			name = harrypotter;
			productName = harrypotter;
			productReference = 9F16E6111E6604F6007CC337 /* harrypotter.app */;
			productType = "com.apple.product-type.application";
		};
/* End PBXNativeTarget section */

/* Begin PBXProject section */
		9F16E6091E6604F6007CC337 /* Project object */ = {
			isa = PBXProject;
			attributes = {
				LastSwiftUpdateCheck = 0820;
				LastUpgradeCheck = 0820;
				ORGANIZATIONNAME = FMT;
				TargetAttributes = {
					9F16E6101E6604F6007CC337 = {
						CreatedOnToolsVersion = 8.2.1;
						ProvisioningStyle = Automatic;
					};
				};
			};
			buildConfigurationList = 9F16E60C1E6604F6007CC337 /* Build configuration list for PBXProject "harrypotter" */;
			compatibilityVersion = "Xcode 3.2";
			developmentRegion = English;
			hasScannedForEncodings = 0;
			knownRegions = (
				en,
				Base,
			);
			mainGroup = 9F16E6081E6604F6007CC337;
			productRefGroup = 9F16E6121E6604F6007CC337 /* Products */;
			projectDirPath = "";
			projectRoot = "";
			targets = (
				9F16E6101E6604F6007CC337 /* harrypotter */,
			);
		};
/* End PBXProject section */

/* Begin PBXResourcesBuildPhase section */
		9F16E60F1E6604F6007CC337 /* Resources */ = {
			isa = PBXResourcesBuildPhase;
			buildActionMask = 2147483647;
			files = (
				9F16E6211E6604F6007CC337 /* LaunchScreen.storyboard in Resources */,
				9F16E61E1E6604F6007CC337 /* Assets.xcassets in Resources */,
				9F16E61C1E6604F6007CC337 /* Main.storyboard in Resources */,
				9F16E6291E660AA8007CC337 /* harrypotter.plist in Resources */,
			);
			runOnlyForDeploymentPostprocessing = 0;
		};
/* End PBXResourcesBuildPhase section */

/* Begin PBXSourcesBuildPhase section */
		9F16E60D1E6604F6007CC337 /* Sources */ = {
			isa = PBXSourcesBuildPhase;
			buildActionMask = 2147483647;
			files = (
				9F16E6191E6604F6007CC337 /* DetailViewController.swift in Sources */,
				9F16E6171E6604F6007CC337 /* MasterViewController.swift in Sources */,
				9F16E6151E6604F6007CC337 /* AppDelegate.swift in Sources */,
			);
			runOnlyForDeploymentPostprocessing = 0;
		};
/* End PBXSourcesBuildPhase section */

/* Begin PBXVariantGroup section */
		9F16E61A1E6604F6007CC337 /* Main.storyboard */ = {
			isa = PBXVariantGroup;
			children = (
				9F16E61B1E6604F6007CC337 /* Base */,
			);
			name = Main.storyboard;
			sourceTree = "<group>";
		};
		9F16E61F1E6604F6007CC337 /* LaunchScreen.storyboard */ = {
			isa = PBXVariantGroup;
			children = (
				9F16E6201E6604F6007CC337 /* Base */,
			);
			name = LaunchScreen.storyboard;
			sourceTree = "<group>";
		};
/* End PBXVariantGroup section */

/* Begin XCBuildConfiguration section */
		9F16E6231E6604F6007CC337 /* Debug */ = {
			isa = XCBuildConfiguration;
			buildSettings = {
				ALWAYS_SEARCH_USER_PATHS = NO;
				CLANG_ANALYZER_NONNULL = YES;
				CLANG_CXX_LANGUAGE_STANDARD = "gnu++0x";
				CLANG_CXX_LIBRARY = "libc++";
				CLANG_ENABLE_MODULES = YES;
				CLANG_ENABLE_OBJC_ARC = YES;
				CLANG_WARN_BOOL_CONVERSION = YES;
				CLANG_WARN_CONSTANT_CONVERSION = YES;
				CLANG_WARN_DIRECT_OBJC_ISA_USAGE = YES_ERROR;
				CLANG_WARN_DOCUMENTATION_COMMENTS = YES;
				CLANG_WARN_EMPTY_BODY = YES;
				CLANG_WARN_ENUM_CONVERSION = YES;
				CLANG_WARN_INFINITE_RECURSION = YES;
				CLANG_WARN_INT_CONVERSION = YES;
				CLANG_WARN_OBJC_ROOT_CLASS = YES_ERROR;
				CLANG_WARN_SUSPICIOUS_MOVE = YES;
				CLANG_WARN_UNREACHABLE_CODE = YES;
				CLANG_WARN__DUPLICATE_METHOD_MATCH = YES;
				"CODE_SIGN_IDENTITY[sdk=iphoneos*]" = "iPhone Developer";
				COPY_PHASE_STRIP = NO;
				DEBUG_INFORMATION_FORMAT = dwarf;
				ENABLE_STRICT_OBJC_MSGSEND = YES;
				ENABLE_TESTABILITY = YES;
				GCC_C_LANGUAGE_STANDARD = gnu99;
				GCC_DYNAMIC_NO_PIC = NO;
				GCC_NO_COMMON_BLOCKS = YES;
				GCC_OPTIMIZATION_LEVEL = 0;
				GCC_PREPROCESSOR_DEFINITIONS = (
					"DEBUG=1",
					"$(inherited)",
				);
				GCC_WARN_64_TO_32_BIT_CONVERSION = YES;
				GCC_WARN_ABOUT_RETURN_TYPE = YES_ERROR;
				GCC_WARN_UNDECLARED_SELECTOR = YES;
				GCC_WARN_UNINITIALIZED_AUTOS = YES_AGGRESSIVE;
				GCC_WARN_UNUSED_FUNCTION = YES;
				GCC_WARN_UNUSED_VARIABLE = YES;
				IPHONEOS_DEPLOYMENT_TARGET = 10.2;
				MTL_ENABLE_DEBUG_INFO = YES;
				ONLY_ACTIVE_ARCH = YES;
				SDKROOT = iphoneos;
				SWIFT_ACTIVE_COMPILATION_CONDITIONS = DEBUG;
				SWIFT_OPTIMIZATION_LEVEL = "-Onone";
				TARGETED_DEVICE_FAMILY = "1,2";
			};
			name = Debug;
		};
		9F16E6241E6604F6007CC337 /* Release */ = {
			isa = XCBuildConfiguration;
			buildSettings = {
				ALWAYS_SEARCH_USER_PATHS = NO;
				CLANG_ANALYZER_NONNULL = YES;
				CLANG_CXX_LANGUAGE_STANDARD = "gnu++0x";
				CLANG_CXX_LIBRARY = "libc++";
				CLANG_ENABLE_MODULES = YES;
				CLANG_ENABLE_OBJC_ARC = YES;
				CLANG_WARN_BOOL_CONVERSION = YES;
				CLANG_WARN_CONSTANT_CONVERSION = YES;
				CLANG_WARN_DIRECT_OBJC_ISA_USAGE = YES_ERROR;
				CLANG_WARN_DOCUMENTATION_COMMENTS = YES;
				CLANG_WARN_EMPTY_BODY = YES;
				CLANG_WARN_ENUM_CONVERSION = YES;
				CLANG_WARN_INFINITE_RECURSION = YES;
				CLANG_WARN_INT_CONVERSION = YES;
				CLANG_WARN_OBJC_ROOT_CLASS = YES_ERROR;
				CLANG_WARN_SUSPICIOUS_MOVE = YES;
				CLANG_WARN_UNREACHABLE_CODE = YES;
				CLANG_WARN__DUPLICATE_METHOD_MATCH = YES;
				"CODE_SIGN_IDENTITY[sdk=iphoneos*]" = "iPhone Developer";
				COPY_PHASE_STRIP = NO;
				DEBUG_INFORMATION_FORMAT = "dwarf-with-dsym";
				ENABLE_NS_ASSERTIONS = NO;
				ENABLE_STRICT_OBJC_MSGSEND = YES;
				GCC_C_LANGUAGE_STANDARD = gnu99;
				GCC_NO_COMMON_BLOCKS = YES;
				GCC_WARN_64_TO_32_BIT_CONVERSION = YES;
				GCC_WARN_ABOUT_RETURN_TYPE = YES_ERROR;
				GCC_WARN_UNDECLARED_SELECTOR = YES;
				GCC_WARN_UNINITIALIZED_AUTOS = YES_AGGRESSIVE;
				GCC_WARN_UNUSED_FUNCTION = YES;
				GCC_WARN_UNUSED_VARIABLE = YES;
				IPHONEOS_DEPLOYMENT_TARGET = 10.2;
				MTL_ENABLE_DEBUG_INFO = NO;
				SDKROOT = iphoneos;
				SWIFT_OPTIMIZATION_LEVEL = "-Owholemodule";
				TARGETED_DEVICE_FAMILY = "1,2";
				VALIDATE_PRODUCT = YES;
			};
			name = Release;
		};
		9F16E6261E6604F6007CC337 /* Debug */ = {
			isa = XCBuildConfiguration;
			buildSettings = {
				ASSETCATALOG_COMPILER_APPICON_NAME = AppIcon;
				INFOPLIST_FILE = harrypotter/Info.plist;
				LD_RUNPATH_SEARCH_PATHS = "$(inherited) @executable_path/Frameworks";
				PRODUCT_BUNDLE_IDENTIFIER = com.begginingiphone.harrypotter;
				PRODUCT_NAME = "$(TARGET_NAME)";
				SWIFT_VERSION = 3.0;
			};
			name = Debug;
		};
		9F16E6271E6604F6007CC337 /* Release */ = {
			isa = XCBuildConfiguration;
			buildSettings = {
				ASSETCATALOG_COMPILER_APPICON_NAME = AppIcon;
				INFOPLIST_FILE = harrypotter/Info.plist;
				LD_RUNPATH_SEARCH_PATHS = "$(inherited) @executable_path/Frameworks";
				PRODUCT_BUNDLE_IDENTIFIER = com.begginingiphone.harrypotter;
				PRODUCT_NAME = "$(TARGET_NAME)";
				SWIFT_VERSION = 3.0;
			};
			name = Release;
		};
/* End XCBuildConfiguration section */

/* Begin XCConfigurationList section */
		9F16E60C1E6604F6007CC337 /* Build configuration list for PBXProject "harrypotter" */ = {
			isa = XCConfigurationList;
			buildConfigurations = (
				9F16E6231E6604F6007CC337 /* Debug */,
				9F16E6241E6604F6007CC337 /* Release */,
			);
			defaultConfigurationIsVisible = 0;
			defaultConfigurationName = Release;
		};
		9F16E6251E6604F6007CC337 /* Build configuration list for PBXNativeTarget "harrypotter" */ = {
			isa = XCConfigurationList;
			buildConfigurations = (
				9F16E6261E6604F6007CC337 /* Debug */,
				9F16E6271E6604F6007CC337 /* Release */,
			);
			defaultConfigurationIsVisible = 0;
		};
/* End XCConfigurationList section */
	};
	rootObject = 9F16E6091E6604F6007CC337 /* Project object */;
}
